
Microsoft Visual Studio Solution File, Format Version 12.00
# Visual Studio Version 17
VisualStudioVersion = 17.3.32819.101
MinimumVisualStudioVersion = 10.0.40219.1
Project("{FAE04EC0-301F-11D3-BF4B-00C04F79EFBC}") = "SampleApplication", "SampleApplication.csproj", "{15E582AA-9350-4A8D-9F40-A927A22AF6D6}"
EndProject
Global
	GlobalSection(SolutionConfigurationPlatforms) = preSolution
		Debug|Any CPU = Debug|Any CPU
		Release|Any CPU = Release|Any CPU
	EndGlobalSection
	GlobalSection(ProjectConfigurationPlatforms) = postSolution
		{15E582AA-9350-4A8D-9F40-A927A22AF6D6}.Debug|Any CPU.ActiveCfg = Debug|Any CPU
		{15E582AA-9350-4A8D-9F40-A927A22AF6D6}.Debug|Any CPU.Build.0 = Debug|Any CPU
		{15E582AA-9350-4A8D-9F40-A927A22AF6D6}.Release|Any CPU.ActiveCfg = Release|Any CPU
		{15E582AA-9350-4A8D-9F40-A927A22AF6D6}.Release|Any CPU.Build.0 = Release|Any CPU
	EndGlobalSection
	GlobalSection(SolutionProperties) = preSolution
		HideSolutionNode = FALSE
	EndGlobalSection
	GlobalSection(ExtensibilityGlobals) = postSolution
		SolutionGuid = {F05BB7B8-D42B-4DF8-97CA-D7903A55E51A}
	EndGlobalSection
EndGlobal
